
Microsoft Visual Studio Solution File, Format Version 12.00
# Visual Studio 15
VisualStudioVersion = 15.0.27703.2047
MinimumVisualStudioVersion = 10.0.40219.1
Project("{888888A0-9F3D-457C-B088-3A5042F75D52}") = "Assignment 1", "Assignment 1.pyproj", "{BF86F47C-7B82-41DF-8F25-3D9BD2991125}"
EndProject
Global
	GlobalSection(SolutionConfigurationPlatforms) = preSolution
		Debug|Any CPU = Debug|Any CPU
		Release|Any CPU = Release|Any CPU
	EndGlobalSection
	GlobalSection(ProjectConfigurationPlatforms) = postSolution
		{BF86F47C-7B82-41DF-8F25-3D9BD2991125}.Debug|Any CPU.ActiveCfg = Debug|Any CPU
		{BF86F47C-7B82-41DF-8F25-3D9BD2991125}.Release|Any CPU.ActiveCfg = Release|Any CPU
	EndGlobalSection
	GlobalSection(SolutionProperties) = preSolution
		HideSolutionNode = FALSE
	EndGlobalSection
	GlobalSection(ExtensibilityGlobals) = postSolution
		SolutionGuid = {57425F04-F7EF-44E8-B849-583EFDF50713}
	EndGlobalSection
EndGlobal
